
Microsoft Visual Studio Solution File, Format Version 12.00
# Visual Studio 2012
Project("{FAE04EC0-301F-11D3-BF4B-00C04F79EFBC}") = "Assignment1", "Assignment1\Assignment1.csproj", "{26877A1A-9BA0-46AE-880F-3AA45BF4AE00}"
EndProject
Project("{FAE04EC0-301F-11D3-BF4B-00C04F79EFBC}") = "UnitTestProject1", "UnitTestProject1\UnitTestProject1.csproj", "{6E77199D-D551-41AE-8C2A-0B393969D2BD}"
EndProject
Global
	GlobalSection(SolutionConfigurationPlatforms) = preSolution
		Debug|Any CPU = Debug|Any CPU
		Release|Any CPU = Release|Any CPU
	EndGlobalSection
	GlobalSection(ProjectConfigurationPlatforms) = postSolution
		{26877A1A-9BA0-46AE-880F-3AA45BF4AE00}.Debug|Any CPU.ActiveCfg = Debug|Any CPU
		{26877A1A-9BA0-46AE-880F-3AA45BF4AE00}.Debug|Any CPU.Build.0 = Debug|Any CPU
		{26877A1A-9BA0-46AE-880F-3AA45BF4AE00}.Release|Any CPU.ActiveCfg = Release|Any CPU
		{26877A1A-9BA0-46AE-880F-3AA45BF4AE00}.Release|Any CPU.Build.0 = Release|Any CPU
		{6E77199D-D551-41AE-8C2A-0B393969D2BD}.Debug|Any CPU.ActiveCfg = Debug|Any CPU
		{6E77199D-D551-41AE-8C2A-0B393969D2BD}.Debug|Any CPU.Build.0 = Debug|Any CPU
		{6E77199D-D551-41AE-8C2A-0B393969D2BD}.Release|Any CPU.ActiveCfg = Release|Any CPU
		{6E77199D-D551-41AE-8C2A-0B393969D2BD}.Release|Any CPU.Build.0 = Release|Any CPU
	EndGlobalSection
	GlobalSection(SolutionProperties) = preSolution
		HideSolutionNode = FALSE
	EndGlobalSection
EndGlobal
