
Microsoft Visual Studio Solution File, Format Version 12.00
# Visual Studio 2013
VisualStudioVersion = 12.0.21005.1
MinimumVisualStudioVersion = 10.0.40219.1
Project("{FAE04EC0-301F-11D3-BF4B-00C04F79EFBC}") = "InClassFinal", "InClassFinal\InClassFinal.csproj", "{E1A83427-084D-48CF-9BB0-E21AE930DCF2}"
EndProject
Project("{FAE04EC0-301F-11D3-BF4B-00C04F79EFBC}") = "WebAppy", "WebAppy\WebAppy.csproj", "{EC9C856C-D664-46CB-A122-B5EAD1F3D470}"
EndProject
Global
	GlobalSection(SolutionConfigurationPlatforms) = preSolution
		Debug|Any CPU = Debug|Any CPU
		Release|Any CPU = Release|Any CPU
	EndGlobalSection
	GlobalSection(ProjectConfigurationPlatforms) = postSolution
		{E1A83427-084D-48CF-9BB0-E21AE930DCF2}.Debug|Any CPU.ActiveCfg = Debug|Any CPU
		{E1A83427-084D-48CF-9BB0-E21AE930DCF2}.Debug|Any CPU.Build.0 = Debug|Any CPU
		{E1A83427-084D-48CF-9BB0-E21AE930DCF2}.Release|Any CPU.ActiveCfg = Release|Any CPU
		{E1A83427-084D-48CF-9BB0-E21AE930DCF2}.Release|Any CPU.Build.0 = Release|Any CPU
		{EC9C856C-D664-46CB-A122-B5EAD1F3D470}.Debug|Any CPU.ActiveCfg = Debug|Any CPU
		{EC9C856C-D664-46CB-A122-B5EAD1F3D470}.Debug|Any CPU.Build.0 = Debug|Any CPU
		{EC9C856C-D664-46CB-A122-B5EAD1F3D470}.Release|Any CPU.ActiveCfg = Release|Any CPU
		{EC9C856C-D664-46CB-A122-B5EAD1F3D470}.Release|Any CPU.Build.0 = Release|Any CPU
	EndGlobalSection
	GlobalSection(SolutionProperties) = preSolution
		HideSolutionNode = FALSE
	EndGlobalSection
EndGlobal
